
Microsoft Visual Studio Solution File, Format Version 12.00
Project("{FAE04EC0-301F-11D3-BF4B-00C04F79EFBC}") = "FormCMS", "server\FormCMS\FormCMS.csproj", "{D96BB1DD-4E2B-4DFB-B8A0-73854275AB5A}"
EndProject
Project("{FAE04EC0-301F-11D3-BF4B-00C04F79EFBC}") = "FormCms.Course.Tests", "server\FormCms.Course.Tests\FormCms.Course.Tests.csproj", "{AB78C514-3519-41D1-9234-9E9151B1A548}"
EndProject
Project("{FAE04EC0-301F-11D3-BF4B-00C04F79EFBC}") = "FormCMS.App", "server\FormCMS.App\FormCMS.App.csproj", "{026D0D09-ED38-4244-9417-FF74562C0A9B}"
EndProject
Project("{FAE04EC0-301F-11D3-BF4B-00C04F79EFBC}") = "FormCMS.Course.ServiceDefaults", "server\FormCMS.Course.ServiceDefaults\FormCMS.Course.ServiceDefaults.csproj", "{2D4A4323-F357-4ADD-A5A8-46563CE77B8C}"
EndProject
Project("{FAE04EC0-301F-11D3-BF4B-00C04F79EFBC}") = "FormCMS.Course.AppHost", "server\FormCMS.Course.AppHost\FormCMS.Course.AppHost.csproj", "{665FF906-EDA4-43A9-91E5-E9C43C36441B}"
EndProject
Project("{FAE04EC0-301F-11D3-BF4B-00C04F79EFBC}") = "FormCMS.Course", "server\FormCMS.Course\FormCMS.Course.csproj", "{FBBAEDB6-802D-453A-A1E4-22C2095F8068}"
EndProject
Project("{FAE04EC0-301F-11D3-BF4B-00C04F79EFBC}") = "FormCMS.Course.DistributeTest", "server\FormCMS.Course.DistributeTest\FormCMS.Course.DistributeTest.csproj", "{40C9B759-4740-4C44-84D1-C3971519DF7E}"
EndProject
Project("{FAE04EC0-301F-11D3-BF4B-00C04F79EFBC}") = "FormCMS.App.ServiceDefaults", "server\FormCMS.App.ServiceDefaults\FormCMS.App.ServiceDefaults.csproj", "{A6B3EC23-06E9-422F-BD43-20A098102D25}"
EndProject
Project("{FAE04EC0-301F-11D3-BF4B-00C04F79EFBC}") = "FormCMS.App.AppHost", "server\FormCMS.App.AppHost\FormCMS.App.AppHost.csproj", "{D19697EB-85DB-47CE-AEB2-0A5B1D3A6D1D}"
EndProject
Project("{FAE04EC0-301F-11D3-BF4B-00C04F79EFBC}") = "FormCMS.App.Tests", "server\FormCMS.App.Tests\FormCMS.App.Tests.csproj", "{9BD38EDA-5C4E-4C6D-96CA-C8955DB35C57}"
EndProject
Project("{FAE04EC0-301F-11D3-BF4B-00C04F79EFBC}") = "SqliteDemo", "examples\SqliteDemo\SqliteDemo.csproj", "{1A868F91-5908-4693-9A1A-5C37ECD6D834}"
EndProject
Project("{FAE04EC0-301F-11D3-BF4B-00C04F79EFBC}") = "SqlServerCmsApp", "examples\SqlServerDemo\SqlServerCmsApp\SqlServerCmsApp.csproj", "{FEDF81EF-08D1-44C4-9CF5-43D6C0FD8C05}"
EndProject
Project("{FAE04EC0-301F-11D3-BF4B-00C04F79EFBC}") = "SqlServerAppHost", "examples\SqlServerDemo\SqlServerAppHost\SqlServerAppHost.csproj", "{7865E1D7-574E-44EE-99EF-1A6EE7BC9BDF}"
EndProject
Project("{FAE04EC0-301F-11D3-BF4B-00C04F79EFBC}") = "PostgresAppHost", "examples\PostgresDemo\PostgresAppHost\PostgresAppHost.csproj", "{C38FCD24-4C43-4B2C-AF73-7F2FC11DB336}"
EndProject
Project("{FAE04EC0-301F-11D3-BF4B-00C04F79EFBC}") = "PostgresWebApp", "examples\PostgresDemo\PostgresWebApp\PostgresWebApp.csproj", "{C8BB873C-C0D9-467C-92A2-5353EED97BF5}"
EndProject
Global
	GlobalSection(SolutionConfigurationPlatforms) = preSolution
		Debug|Any CPU = Debug|Any CPU
		Release|Any CPU = Release|Any CPU
	EndGlobalSection
	GlobalSection(ProjectConfigurationPlatforms) = postSolution
		{D96BB1DD-4E2B-4DFB-B8A0-73854275AB5A}.Debug|Any CPU.ActiveCfg = Debug|Any CPU
		{D96BB1DD-4E2B-4DFB-B8A0-73854275AB5A}.Debug|Any CPU.Build.0 = Debug|Any CPU
		{D96BB1DD-4E2B-4DFB-B8A0-73854275AB5A}.Release|Any CPU.ActiveCfg = Release|Any CPU
		{D96BB1DD-4E2B-4DFB-B8A0-73854275AB5A}.Release|Any CPU.Build.0 = Release|Any CPU
		{6EDECA16-B67A-4EAA-A296-F21FBDC7561E}.Debug|Any CPU.ActiveCfg = Debug|Any CPU
		{6EDECA16-B67A-4EAA-A296-F21FBDC7561E}.Debug|Any CPU.Build.0 = Debug|Any CPU
		{6EDECA16-B67A-4EAA-A296-F21FBDC7561E}.Release|Any CPU.ActiveCfg = Release|Any CPU
		{6EDECA16-B67A-4EAA-A296-F21FBDC7561E}.Release|Any CPU.Build.0 = Release|Any CPU
		{38458E78-BC9D-46EE-8532-A04E8BDB3DF4}.Debug|Any CPU.ActiveCfg = Debug|Any CPU
		{38458E78-BC9D-46EE-8532-A04E8BDB3DF4}.Debug|Any CPU.Build.0 = Debug|Any CPU
		{38458E78-BC9D-46EE-8532-A04E8BDB3DF4}.Release|Any CPU.ActiveCfg = Release|Any CPU
		{38458E78-BC9D-46EE-8532-A04E8BDB3DF4}.Release|Any CPU.Build.0 = Release|Any CPU
		{AB78C514-3519-41D1-9234-9E9151B1A548}.Debug|Any CPU.ActiveCfg = Debug|Any CPU
		{AB78C514-3519-41D1-9234-9E9151B1A548}.Debug|Any CPU.Build.0 = Debug|Any CPU
		{AB78C514-3519-41D1-9234-9E9151B1A548}.Release|Any CPU.ActiveCfg = Release|Any CPU
		{AB78C514-3519-41D1-9234-9E9151B1A548}.Release|Any CPU.Build.0 = Release|Any CPU
		{026D0D09-ED38-4244-9417-FF74562C0A9B}.Debug|Any CPU.ActiveCfg = Debug|Any CPU
		{026D0D09-ED38-4244-9417-FF74562C0A9B}.Debug|Any CPU.Build.0 = Debug|Any CPU
		{026D0D09-ED38-4244-9417-FF74562C0A9B}.Release|Any CPU.ActiveCfg = Release|Any CPU
		{026D0D09-ED38-4244-9417-FF74562C0A9B}.Release|Any CPU.Build.0 = Release|Any CPU
		{2046DC4C-DDD1-4DB9-882D-89390D85A669}.Debug|Any CPU.ActiveCfg = Debug|Any CPU
		{2046DC4C-DDD1-4DB9-882D-89390D85A669}.Debug|Any CPU.Build.0 = Debug|Any CPU
		{2046DC4C-DDD1-4DB9-882D-89390D85A669}.Release|Any CPU.ActiveCfg = Release|Any CPU
		{2046DC4C-DDD1-4DB9-882D-89390D85A669}.Release|Any CPU.Build.0 = Release|Any CPU
		{2D4A4323-F357-4ADD-A5A8-46563CE77B8C}.Debug|Any CPU.ActiveCfg = Debug|Any CPU
		{2D4A4323-F357-4ADD-A5A8-46563CE77B8C}.Debug|Any CPU.Build.0 = Debug|Any CPU
		{2D4A4323-F357-4ADD-A5A8-46563CE77B8C}.Release|Any CPU.ActiveCfg = Release|Any CPU
		{2D4A4323-F357-4ADD-A5A8-46563CE77B8C}.Release|Any CPU.Build.0 = Release|Any CPU
		{665FF906-EDA4-43A9-91E5-E9C43C36441B}.Debug|Any CPU.ActiveCfg = Debug|Any CPU
		{665FF906-EDA4-43A9-91E5-E9C43C36441B}.Debug|Any CPU.Build.0 = Debug|Any CPU
		{665FF906-EDA4-43A9-91E5-E9C43C36441B}.Release|Any CPU.ActiveCfg = Release|Any CPU
		{665FF906-EDA4-43A9-91E5-E9C43C36441B}.Release|Any CPU.Build.0 = Release|Any CPU
		{FBBAEDB6-802D-453A-A1E4-22C2095F8068}.Debug|Any CPU.ActiveCfg = Debug|Any CPU
		{FBBAEDB6-802D-453A-A1E4-22C2095F8068}.Debug|Any CPU.Build.0 = Debug|Any CPU
		{FBBAEDB6-802D-453A-A1E4-22C2095F8068}.Release|Any CPU.ActiveCfg = Release|Any CPU
		{FBBAEDB6-802D-453A-A1E4-22C2095F8068}.Release|Any CPU.Build.0 = Release|Any CPU
		{40C9B759-4740-4C44-84D1-C3971519DF7E}.Debug|Any CPU.ActiveCfg = Debug|Any CPU
		{40C9B759-4740-4C44-84D1-C3971519DF7E}.Debug|Any CPU.Build.0 = Debug|Any CPU
		{40C9B759-4740-4C44-84D1-C3971519DF7E}.Release|Any CPU.ActiveCfg = Release|Any CPU
		{40C9B759-4740-4C44-84D1-C3971519DF7E}.Release|Any CPU.Build.0 = Release|Any CPU
		{A6B3EC23-06E9-422F-BD43-20A098102D25}.Debug|Any CPU.ActiveCfg = Debug|Any CPU
		{A6B3EC23-06E9-422F-BD43-20A098102D25}.Debug|Any CPU.Build.0 = Debug|Any CPU
		{A6B3EC23-06E9-422F-BD43-20A098102D25}.Release|Any CPU.ActiveCfg = Release|Any CPU
		{A6B3EC23-06E9-422F-BD43-20A098102D25}.Release|Any CPU.Build.0 = Release|Any CPU
		{D19697EB-85DB-47CE-AEB2-0A5B1D3A6D1D}.Debug|Any CPU.ActiveCfg = Debug|Any CPU
		{D19697EB-85DB-47CE-AEB2-0A5B1D3A6D1D}.Debug|Any CPU.Build.0 = Debug|Any CPU
		{D19697EB-85DB-47CE-AEB2-0A5B1D3A6D1D}.Release|Any CPU.ActiveCfg = Release|Any CPU
		{D19697EB-85DB-47CE-AEB2-0A5B1D3A6D1D}.Release|Any CPU.Build.0 = Release|Any CPU
		{9BD38EDA-5C4E-4C6D-96CA-C8955DB35C57}.Debug|Any CPU.ActiveCfg = Debug|Any CPU
		{9BD38EDA-5C4E-4C6D-96CA-C8955DB35C57}.Debug|Any CPU.Build.0 = Debug|Any CPU
		{9BD38EDA-5C4E-4C6D-96CA-C8955DB35C57}.Release|Any CPU.ActiveCfg = Release|Any CPU
		{9BD38EDA-5C4E-4C6D-96CA-C8955DB35C57}.Release|Any CPU.Build.0 = Release|Any CPU
		{1A868F91-5908-4693-9A1A-5C37ECD6D834}.Debug|Any CPU.ActiveCfg = Debug|Any CPU
		{1A868F91-5908-4693-9A1A-5C37ECD6D834}.Debug|Any CPU.Build.0 = Debug|Any CPU
		{1A868F91-5908-4693-9A1A-5C37ECD6D834}.Release|Any CPU.ActiveCfg = Release|Any CPU
		{1A868F91-5908-4693-9A1A-5C37ECD6D834}.Release|Any CPU.Build.0 = Release|Any CPU
		{FEDF81EF-08D1-44C4-9CF5-43D6C0FD8C05}.Debug|Any CPU.ActiveCfg = Debug|Any CPU
		{FEDF81EF-08D1-44C4-9CF5-43D6C0FD8C05}.Debug|Any CPU.Build.0 = Debug|Any CPU
		{FEDF81EF-08D1-44C4-9CF5-43D6C0FD8C05}.Release|Any CPU.ActiveCfg = Release|Any CPU
		{FEDF81EF-08D1-44C4-9CF5-43D6C0FD8C05}.Release|Any CPU.Build.0 = Release|Any CPU
		{7865E1D7-574E-44EE-99EF-1A6EE7BC9BDF}.Debug|Any CPU.ActiveCfg = Debug|Any CPU
		{7865E1D7-574E-44EE-99EF-1A6EE7BC9BDF}.Debug|Any CPU.Build.0 = Debug|Any CPU
		{7865E1D7-574E-44EE-99EF-1A6EE7BC9BDF}.Release|Any CPU.ActiveCfg = Release|Any CPU
		{7865E1D7-574E-44EE-99EF-1A6EE7BC9BDF}.Release|Any CPU.Build.0 = Release|Any CPU
		{C38FCD24-4C43-4B2C-AF73-7F2FC11DB336}.Debug|Any CPU.ActiveCfg = Debug|Any CPU
		{C38FCD24-4C43-4B2C-AF73-7F2FC11DB336}.Debug|Any CPU.Build.0 = Debug|Any CPU
		{C38FCD24-4C43-4B2C-AF73-7F2FC11DB336}.Release|Any CPU.ActiveCfg = Release|Any CPU
		{C38FCD24-4C43-4B2C-AF73-7F2FC11DB336}.Release|Any CPU.Build.0 = Release|Any CPU
		{C8BB873C-C0D9-467C-92A2-5353EED97BF5}.Debug|Any CPU.ActiveCfg = Debug|Any CPU
		{C8BB873C-C0D9-467C-92A2-5353EED97BF5}.Debug|Any CPU.Build.0 = Debug|Any CPU
		{C8BB873C-C0D9-467C-92A2-5353EED97BF5}.Release|Any CPU.ActiveCfg = Release|Any CPU
		{C8BB873C-C0D9-467C-92A2-5353EED97BF5}.Release|Any CPU.Build.0 = Release|Any CPU
	EndGlobalSection

EndGlobal
